<?xml version="1.0" encoding="utf-8"?>
<Project ToolsVersion="17.0" xmlns="http://schemas.microsoft.com/developer/msbuild/2003">
  <ItemGroup>
    <CustomBuild Include="C:\Dev\Cpp\lib\PGL\CMakeFiles\376564bf02facf904a17cd7c309e9741\INSTALL_force.rule">
      <Filter>CMake Rules</Filter>
    </CustomBuild>
  </ItemGroup>
  <ItemGroup>
    <Filter Include="CMake Rules">
      <UniqueIdentifier>{5F485410-DF0B-3264-B3A1-171284D38D93}</UniqueIdentifier>
    </Filter>
  </ItemGroup>
</Project>
